
Microsoft Visual Studio Solution File, Format Version 12.00
# Visual Studio 15
VisualStudioVersion = 15.0.28307.1500
MinimumVisualStudioVersion = 10.0.40219.1
Project("{FAE04EC0-301F-11D3-BF4B-00C04F79EFBC}") = "TrafficAnalyzer", "TrafficAnalyzer\TrafficAnalyzer.csproj", "{A5B18E92-0DA6-4107-8BAA-12B37DE6D66F}"
EndProject
Global
	GlobalSection(SolutionConfigurationPlatforms) = preSolution
		Debug|Any CPU = Debug|Any CPU
		Release|Any CPU = Release|Any CPU
	EndGlobalSection
	GlobalSection(ProjectConfigurationPlatforms) = postSolution
		{A5B18E92-0DA6-4107-8BAA-12B37DE6D66F}.Debug|Any CPU.ActiveCfg = Debug|Any CPU
		{A5B18E92-0DA6-4107-8BAA-12B37DE6D66F}.Debug|Any CPU.Build.0 = Debug|Any CPU
		{A5B18E92-0DA6-4107-8BAA-12B37DE6D66F}.Release|Any CPU.ActiveCfg = Release|Any CPU
		{A5B18E92-0DA6-4107-8BAA-12B37DE6D66F}.Release|Any CPU.Build.0 = Release|Any CPU
	EndGlobalSection
	GlobalSection(SolutionProperties) = preSolution
		HideSolutionNode = FALSE
	EndGlobalSection
	GlobalSection(ExtensibilityGlobals) = postSolution
		SolutionGuid = {922F617F-3152-4ADC-B1D4-631372D6A533}
	EndGlobalSection
EndGlobal
